<?xml version="1.0" encoding="utf-8"?>
<Project ToolsVersion="4.0" xmlns="http://schemas.microsoft.com/developer/msbuild/2003">
  <ItemGroup>
    <Filter Include="Main Files">
      <UniqueIdentifier>{fd731636-a502-4fae-81a3-19a5232ade8d}</UniqueIdentifier>
    </Filter>
    <Filter Include="Screen">
      <UniqueIdentifier>{3a5497fa-d5a0-4f8f-970f-7b171e1d713f}</UniqueIdentifier>
    </Filter>
    <Filter Include="Scene">
      <UniqueIdentifier>{0deccab9-1e82-418b-bc46-c15c37d0ff87}</UniqueIdentifier>
    </Filter>
    <Filter Include="Screen\Component">
      <UniqueIdentifier>{f8902598-01fd-45c9-9129-a6a097f22637}</UniqueIdentifier>
    </Filter>
    <Filter Include="Command">
      <UniqueIdentifier>{c8d3ac59-d206-4381-925b-11dde1958d71}</UniqueIdentifier>
    </Filter>
    <Filter Include="Logger">
      <UniqueIdentifier>{67ea81ab-db7b-4e14-9686-4f25ca8b388b}</UniqueIdentifier>
    </Filter>
  </ItemGroup>
  <ItemGroup>
    <ClCompile Include="Main.cpp">
      <Filter>Main Files</Filter>
    </ClCompile>
    <ClCompile Include="TextAlignment.cpp">
      <Filter>Screen</Filter>
    </ClCompile>
    <ClCompile Include="Scene.cpp">
      <Filter>Scene</Filter>
    </ClCompile>
    <ClCompile Include="SceneChoiceHostGuest.cpp">
      <Filter>Scene</Filter>
    </ClCompile>
    <ClCompile Include="SceneHost.cpp">
      <Filter>Scene</Filter>
    </ClCompile>
    <ClCompile Include="FontManager.cpp">
      <Filter>Screen</Filter>
    </ClCompile>
    <ClCompile Include="SceneCreator.cpp">
      <Filter>Screen</Filter>
    </ClCompile>
    <ClCompile Include="SceneGuest.cpp">
      <Filter>Scene</Filter>
    </ClCompile>
    <ClCompile Include="ScButton.cpp">
      <Filter>Screen\Component</Filter>
    </ClCompile>
    <ClCompile Include="ScEdit.cpp">
      <Filter>Screen\Component</Filter>
    </ClCompile>
    <ClCompile Include="ScLabel.cpp">
      <Filter>Screen\Component</Filter>
    </ClCompile>
    <ClCompile Include="ScToggle.cpp">
      <Filter>Screen\Component</Filter>
    </ClCompile>
    <ClCompile Include="ScList.cpp">
      <Filter>Screen\Component</Filter>
    </ClCompile>
    <ClCompile Include="Common.cpp">
      <Filter>Main Files</Filter>
    </ClCompile>
    <ClCompile Include="Command.cpp">
      <Filter>Command</Filter>
    </ClCompile>
    <ClCompile Include="FileLogger.cpp">
      <Filter>Logger</Filter>
    </ClCompile>
    <ClCompile Include="Logger.cpp">
      <Filter>Logger</Filter>
    </ClCompile>
  </ItemGroup>
  <ItemGroup>
    <ClInclude Include="Bound.h">
      <Filter>Screen</Filter>
    </ClInclude>
    <ClInclude Include="BoundOval.h">
      <Filter>Screen</Filter>
    </ClInclude>
    <ClInclude Include="BoundRect.h">
      <Filter>Screen</Filter>
    </ClInclude>
    <ClInclude Include="TextAlignment.h">
      <Filter>Screen</Filter>
    </ClInclude>
    <ClInclude Include="Scene.h">
      <Filter>Scene</Filter>
    </ClInclude>
    <ClInclude Include="SceneChoiceHostGuest.h">
      <Filter>Scene</Filter>
    </ClInclude>
    <ClInclude Include="DelegateVoid.h">
      <Filter>Scene</Filter>
    </ClInclude>
    <ClInclude Include="SceneHost.h">
      <Filter>Scene</Filter>
    </ClInclude>
    <ClInclude Include="FontManager.h">
      <Filter>Screen</Filter>
    </ClInclude>
    <ClInclude Include="SceneCreator.h">
      <Filter>Screen</Filter>
    </ClInclude>
    <ClInclude Include="SceneGuest.h">
      <Filter>Scene</Filter>
    </ClInclude>
    <ClInclude Include="DelegateArg.h">
      <Filter>Scene</Filter>
    </ClInclude>
    <ClInclude Include="ScButton.h">
      <Filter>Screen\Component</Filter>
    </ClInclude>
    <ClInclude Include="ScEdit.h">
      <Filter>Screen\Component</Filter>
    </ClInclude>
    <ClInclude Include="ScToggle.h">
      <Filter>Screen\Component</Filter>
    </ClInclude>
    <ClInclude Include="ScLabel.h">
      <Filter>Screen\Component</Filter>
    </ClInclude>
    <ClInclude Include="ScreenComponent.h">
      <Filter>Screen\Component</Filter>
    </ClInclude>
    <ClInclude Include="ScList.h">
      <Filter>Screen\Component</Filter>
    </ClInclude>
    <ClInclude Include="Common.h">
      <Filter>Main Files</Filter>
    </ClInclude>
    <ClInclude Include="Command.h">
      <Filter>Command</Filter>
    </ClInclude>
    <ClInclude Include="FileLogger.h">
      <Filter>Logger</Filter>
    </ClInclude>
    <ClInclude Include="FormatToString.h">
      <Filter>Logger</Filter>
    </ClInclude>
    <ClInclude Include="Logger.h">
      <Filter>Logger</Filter>
    </ClInclude>
  </ItemGroup>
</Project>